
Microsoft Visual Studio Solution File, Format Version 12.00
# Visual Studio Version 16
VisualStudioVersion = 16.0.29409.12
MinimumVisualStudioVersion = 10.0.40219.1
Project("{00D1A9C2-B5F0-4AF3-8072-F6C62B433612}") = "svr", "svr.sqlproj", "{D26DDC93-B9B1-4636-B0DE-69C047102893}"
EndProject
Global
	GlobalSection(SolutionConfigurationPlatforms) = preSolution
		Debug|Any CPU = Debug|Any CPU
		Release|Any CPU = Release|Any CPU
	EndGlobalSection
	GlobalSection(ProjectConfigurationPlatforms) = postSolution
		{D26DDC93-B9B1-4636-B0DE-69C047102893}.Debug|Any CPU.ActiveCfg = Debug|Any CPU
		{D26DDC93-B9B1-4636-B0DE-69C047102893}.Debug|Any CPU.Build.0 = Debug|Any CPU
		{D26DDC93-B9B1-4636-B0DE-69C047102893}.Debug|Any CPU.Deploy.0 = Debug|Any CPU
		{D26DDC93-B9B1-4636-B0DE-69C047102893}.Release|Any CPU.ActiveCfg = Release|Any CPU
		{D26DDC93-B9B1-4636-B0DE-69C047102893}.Release|Any CPU.Build.0 = Release|Any CPU
		{D26DDC93-B9B1-4636-B0DE-69C047102893}.Release|Any CPU.Deploy.0 = Release|Any CPU
	EndGlobalSection
	GlobalSection(SolutionProperties) = preSolution
		HideSolutionNode = FALSE
	EndGlobalSection
	GlobalSection(ExtensibilityGlobals) = postSolution
		SolutionGuid = {19C2E1B6-FB1F-41DA-A6AA-9DDB75BAD552}
	EndGlobalSection
EndGlobal
