
Microsoft Visual Studio Solution File, Format Version 12.00
# Visual Studio Version 16
VisualStudioVersion = 16.0.29409.12
MinimumVisualStudioVersion = 10.0.40219.1
Project("{00D1A9C2-B5F0-4AF3-8072-F6C62B433612}") = "svr", "svr.sqlproj", "{C71F6EE5-03FF-4288-A416-50AF5EE9D49B}"
EndProject
Global
	GlobalSection(SolutionConfigurationPlatforms) = preSolution
		Debug|Any CPU = Debug|Any CPU
		Release|Any CPU = Release|Any CPU
	EndGlobalSection
	GlobalSection(ProjectConfigurationPlatforms) = postSolution
		{C71F6EE5-03FF-4288-A416-50AF5EE9D49B}.Debug|Any CPU.ActiveCfg = Debug|Any CPU
		{C71F6EE5-03FF-4288-A416-50AF5EE9D49B}.Debug|Any CPU.Build.0 = Debug|Any CPU
		{C71F6EE5-03FF-4288-A416-50AF5EE9D49B}.Debug|Any CPU.Deploy.0 = Debug|Any CPU
		{C71F6EE5-03FF-4288-A416-50AF5EE9D49B}.Release|Any CPU.ActiveCfg = Release|Any CPU
		{C71F6EE5-03FF-4288-A416-50AF5EE9D49B}.Release|Any CPU.Build.0 = Release|Any CPU
		{C71F6EE5-03FF-4288-A416-50AF5EE9D49B}.Release|Any CPU.Deploy.0 = Release|Any CPU
	EndGlobalSection
	GlobalSection(SolutionProperties) = preSolution
		HideSolutionNode = FALSE
	EndGlobalSection
	GlobalSection(ExtensibilityGlobals) = postSolution
		SolutionGuid = {58B6935F-0F05-4805-9573-1B640F32F560}
	EndGlobalSection
EndGlobal
