
Microsoft Visual Studio Solution File, Format Version 12.00
# Visual Studio Version 17
VisualStudioVersion = 17.3.32929.385
MinimumVisualStudioVersion = 10.0.40219.1
Project("{00D1A9C2-B5F0-4AF3-8072-F6C62B433612}") = "_nilnul_._DB_", "_nilnul_._DB_.sqlproj", "{5AF4CBDE-1FC2-4606-8F61-A9EEB3F6A656}"
EndProject
Global
	GlobalSection(SolutionConfigurationPlatforms) = preSolution
		Debug|Any CPU = Debug|Any CPU
		Release|Any CPU = Release|Any CPU
	EndGlobalSection
	GlobalSection(ProjectConfigurationPlatforms) = postSolution
		{5AF4CBDE-1FC2-4606-8F61-A9EEB3F6A656}.Debug|Any CPU.ActiveCfg = Debug|Any CPU
		{5AF4CBDE-1FC2-4606-8F61-A9EEB3F6A656}.Debug|Any CPU.Build.0 = Debug|Any CPU
		{5AF4CBDE-1FC2-4606-8F61-A9EEB3F6A656}.Debug|Any CPU.Deploy.0 = Debug|Any CPU
		{5AF4CBDE-1FC2-4606-8F61-A9EEB3F6A656}.Release|Any CPU.ActiveCfg = Release|Any CPU
		{5AF4CBDE-1FC2-4606-8F61-A9EEB3F6A656}.Release|Any CPU.Build.0 = Release|Any CPU
		{5AF4CBDE-1FC2-4606-8F61-A9EEB3F6A656}.Release|Any CPU.Deploy.0 = Release|Any CPU
	EndGlobalSection
	GlobalSection(SolutionProperties) = preSolution
		HideSolutionNode = FALSE
	EndGlobalSection
	GlobalSection(ExtensibilityGlobals) = postSolution
		SolutionGuid = {58B6935F-0F05-4805-9573-1B640F32F560}
	EndGlobalSection
EndGlobal
